
Microsoft Visual Studio Solution File, Format Version 12.00
# Visual Studio Version 17
VisualStudioVersion = 17.0.31919.166
MinimumVisualStudioVersion = 10.0.40219.1
Project("{2150E333-8FDC-42A3-9474-1A3956D46DE8}") = "0 - Solution Items", "0 - Solution Items", "{A6CD3C67-5398-47DA-9C0E-C60AA2F64AEF}"
	ProjectSection(SolutionItems) = preProject
		global.json = global.json
		README.md = README.md
	EndProjectSection
EndProject
Project("{2150E333-8FDC-42A3-9474-1A3956D46DE8}") = "1 - BuildingBlocks", "1 - BuildingBlocks", "{FFB20901-8C04-4B49-8F71-8E834CFFDD1F}"
EndProject
Project("{2150E333-8FDC-42A3-9474-1A3956D46DE8}") = "2 - UnitTest", "2 - UnitTest", "{707BEDE3-3ACA-49A8-B4AD-CBDCBB18C7EB}"
EndProject
Project("{2150E333-8FDC-42A3-9474-1A3956D46DE8}") = "1.1 - Domain", "1.1 - Domain", "{CDDAC5BE-F1AF-439E-9B58-5B4FFA5B7020}"
EndProject
Project("{2150E333-8FDC-42A3-9474-1A3956D46DE8}") = "1.2 - Data", "1.2 - Data", "{ACA23C2C-EA1E-48F0-914A-6ADF1F524FBB}"
EndProject
Project("{2150E333-8FDC-42A3-9474-1A3956D46DE8}") = "1.3 - EventBus", "1.3 - EventBus", "{AC0FCB6A-8826-41B4-84F8-51091EACC79E}"
EndProject
Project("{2150E333-8FDC-42A3-9474-1A3956D46DE8}") = "1.4 - Logging", "1.4 - Logging", "{BD7A91E0-FF87-472C-BC5B-4604C66524B3}"
EndProject
Project("{2150E333-8FDC-42A3-9474-1A3956D46DE8}") = "1.5 - SignalR", "1.5 - SignalR", "{3C1EF603-58C4-4D34-A624-D307AB62A544}"
EndProject
Project("{2150E333-8FDC-42A3-9474-1A3956D46DE8}") = "1.6 - Common", "1.6 - Common", "{11464140-E046-43F0-A2B7-AFA811AA101C}"
EndProject
Project("{2150E333-8FDC-42A3-9474-1A3956D46DE8}") = "1.7 - Utils", "1.7 - Utils", "{445C1581-F2FC-4872-B124-76D2DBF422FA}"
EndProject
Project("{9A19103F-16F7-4668-BE54-9A1E7A4F7556}") = "Kasi_Server.Common", "src\BuildingBlocks\Kasi_Server.Common\Kasi_Server.Common.csproj", "{9CAEDC7C-DCCE-42A5-A3DD-8AE8766AF551}"
EndProject
Project("{9A19103F-16F7-4668-BE54-9A1E7A4F7556}") = "Kasi_Server.Logging", "src\BuildingBlocks\Kasi_Server.Logging\Kasi_Server.Logging.csproj", "{CFE8CB15-EB73-4CD9-97C5-FE3207DB1EC7}"
EndProject
Project("{9A19103F-16F7-4668-BE54-9A1E7A4F7556}") = "Kasi_Server.Utils", "src\BuildingBlocks\Kasi_Server.Utils\Kasi_Server.Utils.csproj", "{D5ABBD05-7AA3-480F-8ED1-F9C9554EF27E}"
EndProject
Global
	GlobalSection(SolutionConfigurationPlatforms) = preSolution
		Debug|Any CPU = Debug|Any CPU
		Release|Any CPU = Release|Any CPU
	EndGlobalSection
	GlobalSection(ProjectConfigurationPlatforms) = postSolution
		{9CAEDC7C-DCCE-42A5-A3DD-8AE8766AF551}.Debug|Any CPU.ActiveCfg = Debug|Any CPU
		{9CAEDC7C-DCCE-42A5-A3DD-8AE8766AF551}.Debug|Any CPU.Build.0 = Debug|Any CPU
		{9CAEDC7C-DCCE-42A5-A3DD-8AE8766AF551}.Release|Any CPU.ActiveCfg = Release|Any CPU
		{9CAEDC7C-DCCE-42A5-A3DD-8AE8766AF551}.Release|Any CPU.Build.0 = Release|Any CPU
		{CFE8CB15-EB73-4CD9-97C5-FE3207DB1EC7}.Debug|Any CPU.ActiveCfg = Debug|Any CPU
		{CFE8CB15-EB73-4CD9-97C5-FE3207DB1EC7}.Debug|Any CPU.Build.0 = Debug|Any CPU
		{CFE8CB15-EB73-4CD9-97C5-FE3207DB1EC7}.Release|Any CPU.ActiveCfg = Release|Any CPU
		{CFE8CB15-EB73-4CD9-97C5-FE3207DB1EC7}.Release|Any CPU.Build.0 = Release|Any CPU
		{D5ABBD05-7AA3-480F-8ED1-F9C9554EF27E}.Debug|Any CPU.ActiveCfg = Debug|Any CPU
		{D5ABBD05-7AA3-480F-8ED1-F9C9554EF27E}.Debug|Any CPU.Build.0 = Debug|Any CPU
		{D5ABBD05-7AA3-480F-8ED1-F9C9554EF27E}.Release|Any CPU.ActiveCfg = Release|Any CPU
		{D5ABBD05-7AA3-480F-8ED1-F9C9554EF27E}.Release|Any CPU.Build.0 = Release|Any CPU
	EndGlobalSection
	GlobalSection(SolutionProperties) = preSolution
		HideSolutionNode = FALSE
	EndGlobalSection
	GlobalSection(NestedProjects) = preSolution
		{CDDAC5BE-F1AF-439E-9B58-5B4FFA5B7020} = {FFB20901-8C04-4B49-8F71-8E834CFFDD1F}
		{ACA23C2C-EA1E-48F0-914A-6ADF1F524FBB} = {FFB20901-8C04-4B49-8F71-8E834CFFDD1F}
		{AC0FCB6A-8826-41B4-84F8-51091EACC79E} = {FFB20901-8C04-4B49-8F71-8E834CFFDD1F}
		{BD7A91E0-FF87-472C-BC5B-4604C66524B3} = {FFB20901-8C04-4B49-8F71-8E834CFFDD1F}
		{3C1EF603-58C4-4D34-A624-D307AB62A544} = {FFB20901-8C04-4B49-8F71-8E834CFFDD1F}
		{11464140-E046-43F0-A2B7-AFA811AA101C} = {FFB20901-8C04-4B49-8F71-8E834CFFDD1F}
		{445C1581-F2FC-4872-B124-76D2DBF422FA} = {FFB20901-8C04-4B49-8F71-8E834CFFDD1F}
		{9CAEDC7C-DCCE-42A5-A3DD-8AE8766AF551} = {11464140-E046-43F0-A2B7-AFA811AA101C}
		{CFE8CB15-EB73-4CD9-97C5-FE3207DB1EC7} = {BD7A91E0-FF87-472C-BC5B-4604C66524B3}
		{D5ABBD05-7AA3-480F-8ED1-F9C9554EF27E} = {445C1581-F2FC-4872-B124-76D2DBF422FA}
	EndGlobalSection
	GlobalSection(ExtensibilityGlobals) = postSolution
		SolutionGuid = {457CF00A-D235-46BD-A931-7D311A0BA143}
	EndGlobalSection
EndGlobal
